
Microsoft Visual Studio Solution File, Format Version 12.00
# Visual Studio Version 16
VisualStudioVersion = 16.0.30523.141
MinimumVisualStudioVersion = 10.0.40219.1
Project("{FAE04EC0-301F-11D3-BF4B-00C04F79EFBC}") = "MyFirstSPDVProject_ConsoleUI", "MyFirstSPDVProject_ConsoleUI\MyFirstSPDVProject_ConsoleUI.csproj", "{50C69DD7-BD53-491A-9388-B2CC1C29101F}"
EndProject
Project("{FAE04EC0-301F-11D3-BF4B-00C04F79EFBC}") = "MyFirstSPDVProjectWindowsUI", "MyFirstSPDVProjectWindowsUI\MyFirstSPDVProjectWindowsUI.csproj", "{7101D6C5-FEA3-4644-8362-8E0AF9069365}"
EndProject
Global
	GlobalSection(SolutionConfigurationPlatforms) = preSolution
		Debug|Any CPU = Debug|Any CPU
		Release|Any CPU = Release|Any CPU
	EndGlobalSection
	GlobalSection(ProjectConfigurationPlatforms) = postSolution
		{50C69DD7-BD53-491A-9388-B2CC1C29101F}.Debug|Any CPU.ActiveCfg = Debug|Any CPU
		{50C69DD7-BD53-491A-9388-B2CC1C29101F}.Debug|Any CPU.Build.0 = Debug|Any CPU
		{50C69DD7-BD53-491A-9388-B2CC1C29101F}.Release|Any CPU.ActiveCfg = Release|Any CPU
		{50C69DD7-BD53-491A-9388-B2CC1C29101F}.Release|Any CPU.Build.0 = Release|Any CPU
		{7101D6C5-FEA3-4644-8362-8E0AF9069365}.Debug|Any CPU.ActiveCfg = Debug|Any CPU
		{7101D6C5-FEA3-4644-8362-8E0AF9069365}.Debug|Any CPU.Build.0 = Debug|Any CPU
		{7101D6C5-FEA3-4644-8362-8E0AF9069365}.Release|Any CPU.ActiveCfg = Release|Any CPU
		{7101D6C5-FEA3-4644-8362-8E0AF9069365}.Release|Any CPU.Build.0 = Release|Any CPU
	EndGlobalSection
	GlobalSection(SolutionProperties) = preSolution
		HideSolutionNode = FALSE
	EndGlobalSection
	GlobalSection(ExtensibilityGlobals) = postSolution
		SolutionGuid = {9F81B7A8-33A8-416E-A66B-96C6ADE0F56E}
	EndGlobalSection
EndGlobal
